// !$*UTF8*$!
{
	archiveVersion = 1;
	classes = {
	};
	objectVersion = 54;
	objects = {

/* Begin PBXBuildFile section */
		"0C68C024-C136-4BA6-A24E-7E67FDEBE522" /* NetworkingUtils.cpp in Sources */ = {isa = PBXBuildFile; fileRef = "977C15C0-6517-4626-88CF-4C030B0C0287" /* NetworkingUtils.cpp */; };
		"11FDF117-6832-44CE-828F-3B2D36492444" /* ofxOscBundle.cpp in Sources */ = {isa = PBXBuildFile; fileRef = "48BADB01-D0E0-42B8-B45C-6FC818D8261F" /* ofxOscBundle.cpp */; };
		"1E749AD4-EA18-4AFD-BAC9-0F75AF87BE74" /* OscReceivedElements.cpp in Sources */ = {isa = PBXBuildFile; fileRef = "C4729B19-467E-4C7D-A2B6-27FEED415411" /* OscReceivedElements.cpp */; };
		"215FCEB7-B4FB-4197-919C-800643FED634" /* ofxBaseGui.cpp in Sources */ = {isa = PBXBuildFile; fileRef = "75004404-8581-4F8A-A0B4-703B078650ED" /* ofxBaseGui.cpp */; };
		"23AB9820-DD75-44F7-8E64-0B72C454FE0F" /* ofxInputField.cpp in Sources */ = {isa = PBXBuildFile; fileRef = "88A99631-6FA8-4564-8EE1-643E5AFC07D4" /* ofxInputField.cpp */; };
		"29DF6F6E-4E36-4DD1-B650-E4BDED3781E1" /* RtMidi.cpp in Sources */ = {isa = PBXBuildFile; fileRef = "ADCD3B04-E025-4A5B-A5EC-2AA1744C78A5" /* RtMidi.cpp */; };
		"2B57127F-3035-4667-99ED-5AA81C166F66" /* ofxOscReceiver.cpp in Sources */ = {isa = PBXBuildFile; fileRef = "EB7492AD-A211-4F90-B888-239A63B7D082" /* ofxOscReceiver.cpp */; };
		"2E1050B7-8C51-4525-8FF1-51D83D96F7BD" /* OscTypes.cpp in Sources */ = {isa = PBXBuildFile; fileRef = "5E8ECFC5-0804-47D4-B581-64DD2DB17AC6" /* OscTypes.cpp */; };
		"2E4C852E-9661-4CD7-A77C-AD6A493D147C" /* ofxOscMessage.cpp in Sources */ = {isa = PBXBuildFile; fileRef = "E0835BF8-E263-4153-B337-3FBE89F3638F" /* ofxOscMessage.cpp */; };
		"312AE3FD-CC7F-4592-855A-0E8C52CF08CE" /* ofxOscSender.cpp in Sources */ = {isa = PBXBuildFile; fileRef = "6806D8BA-2394-45D3-9C1F-F8A5CF04E54B" /* ofxOscSender.cpp */; };
		"32BD484B-5575-4F8E-8511-E82EF2DD087E" /* ofxSlider.cpp in Sources */ = {isa = PBXBuildFile; fileRef = "179FF548-710C-4CE8-A5F5-830BD4335282" /* ofxSlider.cpp */; };
		"3DB5D16F-88E2-41CF-9226-017F81BFFFCB" /* ofxMidiClock.cpp in Sources */ = {isa = PBXBuildFile; fileRef = "636A9632-E922-412B-A9E3-7A51CB5EBAAB" /* ofxMidiClock.cpp */; };
		"4167C456-23C4-48C1-A93E-D908EB1F22F0" /* OscPrintReceivedElements.cpp in Sources */ = {isa = PBXBuildFile; fileRef = "D0D7832E-194F-4D1B-85E5-0EC6AE3DD5B6" /* OscPrintReceivedElements.cpp */; };
		"53DAE969-A34C-4290-995C-05518A2C43DB" /* ofxOscParameterSync.cpp in Sources */ = {isa = PBXBuildFile; fileRef = "7C77D0CE-FE23-4D3D-BF69-6041CA95BD09" /* ofxOscParameterSync.cpp */; };
		"57CFADDB-A186-4DE6-920E-913DF27B608E" /* ofxButton.cpp in Sources */ = {isa = PBXBuildFile; fileRef = "39C37E20-D8BE-4C12-A60C-0128CC84C78E" /* ofxButton.cpp */; };
		"64FE3B8A-2AAF-4A46-AFAE-F552E0ECE173" /* ofxRtMidiIn.cpp in Sources */ = {isa = PBXBuildFile; fileRef = "50F97373-3F65-4160-80D5-39201CFFF0BC" /* ofxRtMidiIn.cpp */; };
		"6847EBF5-4931-4AAE-91EB-8DCEB752C780" /* ofxMidi.cpp in Sources */ = {isa = PBXBuildFile; fileRef = "860EBBCC-3499-4EE4-8BD5-166494ADC9F8" /* ofxMidi.cpp */; };
		"7061584A-3802-4657-BB7C-FC865A07C033" /* ofxBaseMidi.cpp in Sources */ = {isa = PBXBuildFile; fileRef = "9325F599-100D-484D-AB27-2A56D4C4BF7C" /* ofxBaseMidi.cpp */; };
		"77C8F5E2-53AD-4FE8-B6E9-B169DFF9210C" /* ofxColorPicker.cpp in Sources */ = {isa = PBXBuildFile; fileRef = "67CD67F5-5978-4BAB-9BA2-CA0859E6F9CC" /* ofxColorPicker.cpp */; };
		"8076F250-2E75-407E-91E3-B3BA8FB079CF" /* CoreMIDI.framework in Frameworks */ = {isa = PBXBuildFile; fileRef = "DCF6324D-D02B-4918-BFEC-19189C275433" /* CoreMIDI.framework */; };
		"84BDBAF4-5E49-4AC7-B4D2-50510D5CF8CF" /* ofxRtMidiOut.cpp in Sources */ = {isa = PBXBuildFile; fileRef = "A76DC311-1621-4E5A-8C3C-17850E5C8DA2" /* ofxRtMidiOut.cpp */; };
		"897089A4-FB90-4782-BC3D-D5CCB8D37D5D" /* ofxMidiIn.cpp in Sources */ = {isa = PBXBuildFile; fileRef = "D69F50EC-FB30-4C53-B940-68099A403B55" /* ofxMidiIn.cpp */; };
		"95A50311-1805-4C88-A262-B2392469C347" /* IpEndpointName.cpp in Sources */ = {isa = PBXBuildFile; fileRef = "A998E1F8-F46B-4FE3-9C2C-9FDF9A3D6119" /* IpEndpointName.cpp */; };
		"B229C17D-9C70-452D-B151-CE91DAA2FBD5" /* ofxMidiTimecode.cpp in Sources */ = {isa = PBXBuildFile; fileRef = "5BCFE83B-CB2B-45D1-B876-4B2CCD163B47" /* ofxMidiTimecode.cpp */; };
		"B3EA0F48-D9EA-4B9F-B98B-3AB92FFC2047" /* OscOutboundPacketStream.cpp in Sources */ = {isa = PBXBuildFile; fileRef = "1BE341A4-CED9-4FB9-9299-1813955E3CA5" /* OscOutboundPacketStream.cpp */; };
		"B598C0F2-5486-4A27-8C33-84D4F0F1B519" /* ofxToggle.cpp in Sources */ = {isa = PBXBuildFile; fileRef = "2768B489-0F74-4065-9533-638E0FB42054" /* ofxToggle.cpp */; };
		"C0754932-5D82-4C48-9D5D-455DB2C1DEC0" /* ofxLabel.cpp in Sources */ = {isa = PBXBuildFile; fileRef = "1F7A35CA-38AC-4AC2-9C18-CA228E370492" /* ofxLabel.cpp */; };
		"C9692586-3A3D-4A02-AEE3-1D4E3B4DB0FD" /* ofxMidiOut.cpp in Sources */ = {isa = PBXBuildFile; fileRef = "27FA6CD1-4C37-46A8-B3FA-7174CC3B8ACD" /* ofxMidiOut.cpp */; };
		"D4CAFDB7-EB7A-4967-B4F3-356499111FCC" /* ofxGuiGroup.cpp in Sources */ = {isa = PBXBuildFile; fileRef = "0BDD5FC5-047A-405E-9F3D-0FB33694F786" /* ofxGuiGroup.cpp */; };
		"D8E4198D-DE91-4AD3-ABD2-FCFB45418A94" /* ofxMidiMessage.cpp in Sources */ = {isa = PBXBuildFile; fileRef = "63F07199-5493-450E-B060-86D0AE55C4E8" /* ofxMidiMessage.cpp */; };
		E4B69E200A3A1BDC003C02F2 /* main.cpp in Sources */ = {isa = PBXBuildFile; fileRef = E4B69E1D0A3A1BDC003C02F2 /* main.cpp */; };
		E4B69E210A3A1BDC003C02F2 /* ofApp.cpp in Sources */ = {isa = PBXBuildFile; fileRef = E4B69E1E0A3A1BDC003C02F2 /* ofApp.cpp */; };
		"EA6C6E18-15CD-4FD5-BF75-7A22E2070368" /* ofxSliderGroup.cpp in Sources */ = {isa = PBXBuildFile; fileRef = "ED3DD7E5-9F71-4AA5-BCF7-E4737944709A" /* ofxSliderGroup.cpp */; };
		"F3187947-13F0-4858-BC1D-201E3B34DDC7" /* UdpSocket.cpp in Sources */ = {isa = PBXBuildFile; fileRef = "349FAA25-D7BA-4A8A-BDF4-810C9223A2C9" /* UdpSocket.cpp */; };
		"F974A477-E083-44D0-A8F5-B57A55CCD657" /* ofxPanel.cpp in Sources */ = {isa = PBXBuildFile; fileRef = "4734E34F-9CB3-4565-A7C1-0B6C46029F2A" /* ofxPanel.cpp */; };
/* End PBXBuildFile section */

/* Begin PBXCopyFilesBuildPhase section */
		E4A5B60F29BAAAE400C2D356 /* CopyFiles */ = {
			isa = PBXCopyFilesBuildPhase;
			buildActionMask = 2147483647;
			dstPath = "";
			dstSubfolderSpec = 6;
			files = (
			);
			runOnlyForDeploymentPostprocessing = 0;
		};
		E4C2427710CC5ABF004149E2 /* CopyFiles */ = {
			isa = PBXCopyFilesBuildPhase;
			buildActionMask = 2147483647;
			dstPath = "";
			dstSubfolderSpec = 10;
			files = (
			);
			runOnlyForDeploymentPostprocessing = 0;
		};
/* End PBXCopyFilesBuildPhase section */

/* Begin PBXFileReference section */
		"00702E00-BCCF-47C5-B831-CFE98BC09653" /* ofxOscSender.h */ = {isa = PBXFileReference; fileEncoding = 4; lastKnownFileType = sourcecode.cpp.h; path = ofxOscSender.h; sourceTree = "<group>"; };
		008E66702EEA7A2F00B86C47 /* ofApp.h */ = {isa = PBXFileReference; lastKnownFileType = sourcecode.c.h; path = ofApp.h; sourceTree = "<group>"; };
		"01FDE00D-E75C-49EA-9412-D218EBF3D1F4" /* OscPrintReceivedElements.h */ = {isa = PBXFileReference; fileEncoding = 4; lastKnownFileType = sourcecode.cpp.h; path = OscPrintReceivedElements.h; sourceTree = "<group>"; };
		"05FE2042-F27F-4F4D-9705-798EDCA10909" /* ofxMidiTimecode.h */ = {isa = PBXFileReference; fileEncoding = 4; lastKnownFileType = sourcecode.cpp.h; path = ofxMidiTimecode.h; sourceTree = "<group>"; };
		"0938CFBD-F1E4-457C-8493-6716077E680B" /* ofxOscArg.h */ = {isa = PBXFileReference; fileEncoding = 4; lastKnownFileType = sourcecode.cpp.h; path = ofxOscArg.h; sourceTree = "<group>"; };
		"0BDD5FC5-047A-405E-9F3D-0FB33694F786" /* ofxGuiGroup.cpp */ = {isa = PBXFileReference; fileEncoding = 4; lastKnownFileType = sourcecode.cpp.cpp; path = ofxGuiGroup.cpp; sourceTree = "<group>"; };
		"1375BDC3-B4FA-42B8-ACE6-458AA43C8D44" /* TimerListener.h */ = {isa = PBXFileReference; fileEncoding = 4; lastKnownFileType = sourcecode.cpp.h; path = TimerListener.h; sourceTree = "<group>"; };
		"15757278-1678-4703-AF32-72B2B7CC04C6" /* ofxMidiConstants.h */ = {isa = PBXFileReference; fileEncoding = 4; lastKnownFileType = sourcecode.cpp.h; path = ofxMidiConstants.h; sourceTree = "<group>"; };
		"179FF548-710C-4CE8-A5F5-830BD4335282" /* ofxSlider.cpp */ = {isa = PBXFileReference; fileEncoding = 4; lastKnownFileType = sourcecode.cpp.cpp; path = ofxSlider.cpp; sourceTree = "<group>"; };
		191CD6FA2847E21E0085CBB6 /* of.entitlements */ = {isa = PBXFileReference; fileEncoding = 4; lastKnownFileType = text.plist.entitlements; path = of.entitlements; sourceTree = "<group>"; };
		191EF70929D778A400F35F26 /* openFrameworks */ = {isa = PBXFileReference; lastKnownFileType = folder; name = openFrameworks; path = ../../../libs/openFrameworks; sourceTree = SOURCE_ROOT; };
		"1BE341A4-CED9-4FB9-9299-1813955E3CA5" /* OscOutboundPacketStream.cpp */ = {isa = PBXFileReference; fileEncoding = 4; lastKnownFileType = sourcecode.cpp.cpp; path = OscOutboundPacketStream.cpp; sourceTree = "<group>"; };
		"1DE8E8C7-E48E-4738-B3DE-03D5F30FC65D" /* MessageMappingOscPacketListener.h */ = {isa = PBXFileReference; fileEncoding = 4; lastKnownFileType = sourcecode.cpp.h; path = MessageMappingOscPacketListener.h; sourceTree = "<group>"; };
		"1F7A35CA-38AC-4AC2-9C18-CA228E370492" /* ofxLabel.cpp */ = {isa = PBXFileReference; fileEncoding = 4; lastKnownFileType = sourcecode.cpp.cpp; path = ofxLabel.cpp; sourceTree = "<group>"; };
		"23BCFB66-CBB6-4B45-AA8C-A62A2B8EFF36" /* ofxSliderGroup.h */ = {isa = PBXFileReference; fileEncoding = 4; lastKnownFileType = sourcecode.cpp.h; path = ofxSliderGroup.h; sourceTree = "<group>"; };
		"26BC4530-4C3F-49CE-BCCA-4F01FA63FF00" /* ofxMidiClock.h */ = {isa = PBXFileReference; fileEncoding = 4; lastKnownFileType = sourcecode.cpp.h; path = ofxMidiClock.h; sourceTree = "<group>"; };
		"2768B489-0F74-4065-9533-638E0FB42054" /* ofxToggle.cpp */ = {isa = PBXFileReference; fileEncoding = 4; lastKnownFileType = sourcecode.cpp.cpp; path = ofxToggle.cpp; sourceTree = "<group>"; };
		"27FA6CD1-4C37-46A8-B3FA-7174CC3B8ACD" /* ofxMidiOut.cpp */ = {isa = PBXFileReference; fileEncoding = 4; lastKnownFileType = sourcecode.cpp.cpp; path = ofxMidiOut.cpp; sourceTree = "<group>"; };
		"28ECB74D-070C-4933-B41A-EA5F7DC2B06F" /* ofxMidi.h */ = {isa = PBXFileReference; fileEncoding = 4; lastKnownFileType = sourcecode.cpp.h; path = ofxMidi.h; sourceTree = "<group>"; };
		"349FAA25-D7BA-4A8A-BDF4-810C9223A2C9" /* UdpSocket.cpp */ = {isa = PBXFileReference; fileEncoding = 4; lastKnownFileType = sourcecode.cpp.cpp; path = UdpSocket.cpp; sourceTree = "<group>"; };
		"39C37E20-D8BE-4C12-A60C-0128CC84C78E" /* ofxButton.cpp */ = {isa = PBXFileReference; fileEncoding = 4; lastKnownFileType = sourcecode.cpp.cpp; path = ofxButton.cpp; sourceTree = "<group>"; };
		"3F1F520C-C61F-4F71-9D6A-E213292BFB07" /* ofxOscParameterSync.h */ = {isa = PBXFileReference; fileEncoding = 4; lastKnownFileType = sourcecode.cpp.h; path = ofxOscParameterSync.h; sourceTree = "<group>"; };
		"452451F3-80E1-4B35-99BE-062DC6110B9A" /* ofxGuiGroup.h */ = {isa = PBXFileReference; fileEncoding = 4; lastKnownFileType = sourcecode.cpp.h; path = ofxGuiGroup.h; sourceTree = "<group>"; };
		"4734E34F-9CB3-4565-A7C1-0B6C46029F2A" /* ofxPanel.cpp */ = {isa = PBXFileReference; fileEncoding = 4; lastKnownFileType = sourcecode.cpp.cpp; path = ofxPanel.cpp; sourceTree = "<group>"; };
		"48BADB01-D0E0-42B8-B45C-6FC818D8261F" /* ofxOscBundle.cpp */ = {isa = PBXFileReference; fileEncoding = 4; lastKnownFileType = sourcecode.cpp.cpp; path = ofxOscBundle.cpp; sourceTree = "<group>"; };
		"4FC8EC12-F37B-4FCA-92C2-5104DFDA4E3F" /* RtMidi.h */ = {isa = PBXFileReference; fileEncoding = 4; lastKnownFileType = sourcecode.cpp.h; path = RtMidi.h; sourceTree = "<group>"; };
		"50B24142-800B-4E86-8697-A8C44EECA5F9" /* ofxOsc.h */ = {isa = PBXFileReference; fileEncoding = 4; lastKnownFileType = sourcecode.cpp.h; path = ofxOsc.h; sourceTree = "<group>"; };
		"50F97373-3F65-4160-80D5-39201CFFF0BC" /* ofxRtMidiIn.cpp */ = {isa = PBXFileReference; fileEncoding = 4; lastKnownFileType = sourcecode.cpp.cpp; path = ofxRtMidiIn.cpp; sourceTree = "<group>"; };
		"58C6D87A-1C37-43A6-9E47-23C6BDB98B8B" /* OscException.h */ = {isa = PBXFileReference; fileEncoding = 4; lastKnownFileType = sourcecode.cpp.h; path = OscException.h; sourceTree = "<group>"; };
		"5BCFE83B-CB2B-45D1-B876-4B2CCD163B47" /* ofxMidiTimecode.cpp */ = {isa = PBXFileReference; fileEncoding = 4; lastKnownFileType = sourcecode.cpp.cpp; path = ofxMidiTimecode.cpp; sourceTree = "<group>"; };
		"5BFC9AEB-0381-452A-8209-0A009A4D4F20" /* ofxLabel.h */ = {isa = PBXFileReference; fileEncoding = 4; lastKnownFileType = sourcecode.cpp.h; path = ofxLabel.h; sourceTree = "<group>"; };
		"5E8ECFC5-0804-47D4-B581-64DD2DB17AC6" /* OscTypes.cpp */ = {isa = PBXFileReference; fileEncoding = 4; lastKnownFileType = sourcecode.cpp.cpp; path = OscTypes.cpp; sourceTree = "<group>"; };
		"636A9632-E922-412B-A9E3-7A51CB5EBAAB" /* ofxMidiClock.cpp */ = {isa = PBXFileReference; fileEncoding = 4; lastKnownFileType = sourcecode.cpp.cpp; path = ofxMidiClock.cpp; sourceTree = "<group>"; };
		"63F07199-5493-450E-B060-86D0AE55C4E8" /* ofxMidiMessage.cpp */ = {isa = PBXFileReference; fileEncoding = 4; lastKnownFileType = sourcecode.cpp.cpp; path = ofxMidiMessage.cpp; sourceTree = "<group>"; };
		"649969F2-DE6F-45CB-A277-86F6705CF049" /* ofxRtMidiOut.h */ = {isa = PBXFileReference; fileEncoding = 4; lastKnownFileType = sourcecode.cpp.h; path = ofxRtMidiOut.h; sourceTree = "<group>"; };
		"67CD67F5-5978-4BAB-9BA2-CA0859E6F9CC" /* ofxColorPicker.cpp */ = {isa = PBXFileReference; fileEncoding = 4; lastKnownFileType = sourcecode.cpp.cpp; path = ofxColorPicker.cpp; sourceTree = "<group>"; };
		"6806D8BA-2394-45D3-9C1F-F8A5CF04E54B" /* ofxOscSender.cpp */ = {isa = PBXFileReference; fileEncoding = 4; lastKnownFileType = sourcecode.cpp.cpp; path = ofxOscSender.cpp; sourceTree = "<group>"; };
		"6FC0EC0E-CB4D-47E7-B535-11504F250468" /* NetworkingUtils.h */ = {isa = PBXFileReference; fileEncoding = 4; lastKnownFileType = sourcecode.cpp.h; path = NetworkingUtils.h; sourceTree = "<group>"; };
		"74D2499F-DF58-420A-B49B-5BF9AA3AD2C5" /* ofxGuiUtils.h */ = {isa = PBXFileReference; fileEncoding = 4; lastKnownFileType = sourcecode.cpp.h; path = ofxGuiUtils.h; sourceTree = "<group>"; };
		"74F5A3BC-A971-4550-9461-DD4BB239C523" /* IpEndpointName.h */ = {isa = PBXFileReference; fileEncoding = 4; lastKnownFileType = sourcecode.cpp.h; path = IpEndpointName.h; sourceTree = "<group>"; };
		"75004404-8581-4F8A-A0B4-703B078650ED" /* ofxBaseGui.cpp */ = {isa = PBXFileReference; fileEncoding = 4; lastKnownFileType = sourcecode.cpp.cpp; path = ofxBaseGui.cpp; sourceTree = "<group>"; };
		"7B09F994-E52A-46BA-8D10-2DF708D34EA2" /* ofxColorPicker.h */ = {isa = PBXFileReference; fileEncoding = 4; lastKnownFileType = sourcecode.cpp.h; path = ofxColorPicker.h; sourceTree = "<group>"; };
		"7C77D0CE-FE23-4D3D-BF69-6041CA95BD09" /* ofxOscParameterSync.cpp */ = {isa = PBXFileReference; fileEncoding = 4; lastKnownFileType = sourcecode.cpp.cpp; path = ofxOscParameterSync.cpp; sourceTree = "<group>"; };
		"834EF500-81C5-4D10-88D4-CCB25A40B91E" /* OscOutboundPacketStream.h */ = {isa = PBXFileReference; fileEncoding = 4; lastKnownFileType = sourcecode.cpp.h; path = OscOutboundPacketStream.h; sourceTree = "<group>"; };
		"836762AA-381D-40E2-B901-77AA7F9ADE8A" /* ofxGui.h */ = {isa = PBXFileReference; fileEncoding = 4; lastKnownFileType = sourcecode.cpp.h; path = ofxGui.h; sourceTree = "<group>"; };
		"860EBBCC-3499-4EE4-8BD5-166494ADC9F8" /* ofxMidi.cpp */ = {isa = PBXFileReference; fileEncoding = 4; lastKnownFileType = sourcecode.cpp.cpp; path = ofxMidi.cpp; sourceTree = "<group>"; };
		"88A99631-6FA8-4564-8EE1-643E5AFC07D4" /* ofxInputField.cpp */ = {isa = PBXFileReference; fileEncoding = 4; lastKnownFileType = sourcecode.cpp.cpp; path = ofxInputField.cpp; sourceTree = "<group>"; };
		"896E9A1A-1D4E-4466-BC6D-5E708BE2A39A" /* ofxOscReceiver.h */ = {isa = PBXFileReference; fileEncoding = 4; lastKnownFileType = sourcecode.cpp.h; path = ofxOscReceiver.h; sourceTree = "<group>"; };
		"8BB41F45-9BFD-4A0B-A33C-6C5847D25714" /* OscReceivedElements.h */ = {isa = PBXFileReference; fileEncoding = 4; lastKnownFileType = sourcecode.cpp.h; path = OscReceivedElements.h; sourceTree = "<group>"; };
		"9262F164-F3D3-42C1-9B51-7D0991AB48D5" /* ofxBaseGui.h */ = {isa = PBXFileReference; fileEncoding = 4; lastKnownFileType = sourcecode.cpp.h; path = ofxBaseGui.h; sourceTree = "<group>"; };
		"9325F599-100D-484D-AB27-2A56D4C4BF7C" /* ofxBaseMidi.cpp */ = {isa = PBXFileReference; fileEncoding = 4; lastKnownFileType = sourcecode.cpp.cpp; path = ofxBaseMidi.cpp; sourceTree = "<group>"; };
		"977C15C0-6517-4626-88CF-4C030B0C0287" /* NetworkingUtils.cpp */ = {isa = PBXFileReference; fileEncoding = 4; lastKnownFileType = sourcecode.cpp.cpp; path = NetworkingUtils.cpp; sourceTree = "<group>"; };
		"9C632E7C-A0B0-4EB6-9A92-C80B3BDCD254" /* ofxButton.h */ = {isa = PBXFileReference; fileEncoding = 4; lastKnownFileType = sourcecode.cpp.h; path = ofxButton.h; sourceTree = "<group>"; };
		"9F8A5D48-3803-4040-82BE-2521BA1F6E68" /* ofxBaseMidi.h */ = {isa = PBXFileReference; fileEncoding = 4; lastKnownFileType = sourcecode.cpp.h; path = ofxBaseMidi.h; sourceTree = "<group>"; };
		"A21A2507-5395-4ABE-AD7F-EFCF8E020D9E" /* ofxMidiIn.h */ = {isa = PBXFileReference; fileEncoding = 4; lastKnownFileType = sourcecode.cpp.h; path = ofxMidiIn.h; sourceTree = "<group>"; };
		"A76DC311-1621-4E5A-8C3C-17850E5C8DA2" /* ofxRtMidiOut.cpp */ = {isa = PBXFileReference; fileEncoding = 4; lastKnownFileType = sourcecode.cpp.cpp; path = ofxRtMidiOut.cpp; sourceTree = "<group>"; };
		"A998E1F8-F46B-4FE3-9C2C-9FDF9A3D6119" /* IpEndpointName.cpp */ = {isa = PBXFileReference; fileEncoding = 4; lastKnownFileType = sourcecode.cpp.cpp; path = IpEndpointName.cpp; sourceTree = "<group>"; };
		"ADCD3B04-E025-4A5B-A5EC-2AA1744C78A5" /* RtMidi.cpp */ = {isa = PBXFileReference; fileEncoding = 4; lastKnownFileType = sourcecode.cpp.cpp; path = RtMidi.cpp; sourceTree = "<group>"; };
		"C4729B19-467E-4C7D-A2B6-27FEED415411" /* OscReceivedElements.cpp */ = {isa = PBXFileReference; fileEncoding = 4; lastKnownFileType = sourcecode.cpp.cpp; path = OscReceivedElements.cpp; sourceTree = "<group>"; };
		"C6AC174A-5CB2-41F8-9F3B-EEE325875105" /* ofxMidiTypes.h */ = {isa = PBXFileReference; fileEncoding = 4; lastKnownFileType = sourcecode.cpp.h; path = ofxMidiTypes.h; sourceTree = "<group>"; };
		"C70EE41D-18A5-43AA-BA24-BE4E1F8B85AC" /* ofxInputField.h */ = {isa = PBXFileReference; fileEncoding = 4; lastKnownFileType = sourcecode.cpp.h; path = ofxInputField.h; sourceTree = "<group>"; };
		"CB67A025-9B62-4AFE-9CA8-99AE0D536F0F" /* PacketListener.h */ = {isa = PBXFileReference; fileEncoding = 4; lastKnownFileType = sourcecode.cpp.h; path = PacketListener.h; sourceTree = "<group>"; };
		"CD861472-57CC-4941-AC03-3FB92924E2AB" /* UdpSocket.h */ = {isa = PBXFileReference; fileEncoding = 4; lastKnownFileType = sourcecode.cpp.h; path = UdpSocket.h; sourceTree = "<group>"; };
		"D0D7832E-194F-4D1B-85E5-0EC6AE3DD5B6" /* OscPrintReceivedElements.cpp */ = {isa = PBXFileReference; fileEncoding = 4; lastKnownFileType = sourcecode.cpp.cpp; path = OscPrintReceivedElements.cpp; sourceTree = "<group>"; };
		"D2877F51-9A51-4074-B6BE-DAD9F4DC781C" /* ofxToggle.h */ = {isa = PBXFileReference; fileEncoding = 4; lastKnownFileType = sourcecode.cpp.h; path = ofxToggle.h; sourceTree = "<group>"; };
		"D49A8D25-0E15-40B9-93B4-DCBB77CFCA5F" /* ofxPanel.h */ = {isa = PBXFileReference; fileEncoding = 4; lastKnownFileType = sourcecode.cpp.h; path = ofxPanel.h; sourceTree = "<group>"; };
		"D69F50EC-FB30-4C53-B940-68099A403B55" /* ofxMidiIn.cpp */ = {isa = PBXFileReference; fileEncoding = 4; lastKnownFileType = sourcecode.cpp.cpp; path = ofxMidiIn.cpp; sourceTree = "<group>"; };
		"D756C9E8-C27D-4BB3-AAA9-DF7B50F642B3" /* ofxSlider.h */ = {isa = PBXFileReference; fileEncoding = 4; lastKnownFileType = sourcecode.cpp.h; path = ofxSlider.h; sourceTree = "<group>"; };
		"DC582EE3-C7A4-45CC-B603-2475DAD4ADFD" /* ofxOscMessage.h */ = {isa = PBXFileReference; fileEncoding = 4; lastKnownFileType = sourcecode.cpp.h; path = ofxOscMessage.h; sourceTree = "<group>"; };
		"DCB3F505-FCCE-46D2-B9FA-7933AD75D803" /* ofxOscBundle.h */ = {isa = PBXFileReference; fileEncoding = 4; lastKnownFileType = sourcecode.cpp.h; path = ofxOscBundle.h; sourceTree = "<group>"; };
		"DCF6324D-D02B-4918-BFEC-19189C275433" /* CoreMIDI.framework */ = {isa = PBXFileReference; fileEncoding = 4; lastKnownFileType = wrapper.framework; name = CoreMIDI.framework; path = System/Library/Frameworks/CoreMIDI.framework; sourceTree = SDKROOT; };
		"DD1CE53A-D4CC-4603-A805-6352F7C7B827" /* OscPacketListener.h */ = {isa = PBXFileReference; fileEncoding = 4; lastKnownFileType = sourcecode.cpp.h; path = OscPacketListener.h; sourceTree = "<group>"; };
		"DFBBFB49-8FA3-4506-9C3F-276004CBCAAE" /* OscTypes.h */ = {isa = PBXFileReference; fileEncoding = 4; lastKnownFileType = sourcecode.cpp.h; path = OscTypes.h; sourceTree = "<group>"; };
		"E0835BF8-E263-4153-B337-3FBE89F3638F" /* ofxOscMessage.cpp */ = {isa = PBXFileReference; fileEncoding = 4; lastKnownFileType = sourcecode.cpp.cpp; path = ofxOscMessage.cpp; sourceTree = "<group>"; };
		E4B69B5B0A3A1756003C02F2 /* Imagen-y-Sonido---EnsayosDebug.app */ = {isa = PBXFileReference; explicitFileType = wrapper.application; includeInIndex = 0; path = "Imagen-y-Sonido---EnsayosDebug.app"; sourceTree = BUILT_PRODUCTS_DIR; };
		E4B69E1D0A3A1BDC003C02F2 /* main.cpp */ = {isa = PBXFileReference; fileEncoding = 4; lastKnownFileType = sourcecode.cpp.cpp; name = main.cpp; path = src/main.cpp; sourceTree = SOURCE_ROOT; };
		E4B69E1E0A3A1BDC003C02F2 /* ofApp.cpp */ = {isa = PBXFileReference; explicitFileType = sourcecode.cpp.cpp; fileEncoding = 4; name = ofApp.cpp; path = src/ofApp.cpp; sourceTree = SOURCE_ROOT; };
		E4B6FCAD0C3E899E008CF71C /* openFrameworks-Info.plist */ = {isa = PBXFileReference; fileEncoding = 4; lastKnownFileType = text.plist.xml; path = "openFrameworks-Info.plist"; sourceTree = "<group>"; };
		E4EB6923138AFD0F00A09F29 /* Project.xcconfig */ = {isa = PBXFileReference; fileEncoding = 4; lastKnownFileType = text.xcconfig; path = Project.xcconfig; sourceTree = "<group>"; };
		"E56F06F0-82CF-4972-9995-5FDC719A0FA4" /* data */ = {isa = PBXFileReference; fileEncoding = 4; lastKnownFileType = folder; name = data; path = bin/data; sourceTree = SOURCE_ROOT; };
		"EB7492AD-A211-4F90-B888-239A63B7D082" /* ofxOscReceiver.cpp */ = {isa = PBXFileReference; fileEncoding = 4; lastKnownFileType = sourcecode.cpp.cpp; path = ofxOscReceiver.cpp; sourceTree = "<group>"; };
		"EBCC1C14-2862-4D0A-AFB1-FE93741AFF74" /* ofxMidiOut.h */ = {isa = PBXFileReference; fileEncoding = 4; lastKnownFileType = sourcecode.cpp.h; path = ofxMidiOut.h; sourceTree = "<group>"; };
		"ED3DD7E5-9F71-4AA5-BCF7-E4737944709A" /* ofxSliderGroup.cpp */ = {isa = PBXFileReference; fileEncoding = 4; lastKnownFileType = sourcecode.cpp.cpp; path = ofxSliderGroup.cpp; sourceTree = "<group>"; };
		"EEC782B2-7AFF-4E34-AC3B-CA6CEBF6BD2E" /* ofxRtMidiIn.h */ = {isa = PBXFileReference; fileEncoding = 4; lastKnownFileType = sourcecode.cpp.h; path = ofxRtMidiIn.h; sourceTree = "<group>"; };
		"F80BB464-7541-4204-B884-D88C3D6732B0" /* ofxMidiMessage.h */ = {isa = PBXFileReference; fileEncoding = 4; lastKnownFileType = sourcecode.cpp.h; path = ofxMidiMessage.h; sourceTree = "<group>"; };
		"FA25B901-E337-4AC1-A6CA-59C0287FA89C" /* OscHostEndianness.h */ = {isa = PBXFileReference; fileEncoding = 4; lastKnownFileType = sourcecode.cpp.h; path = OscHostEndianness.h; sourceTree = "<group>"; };
/* End PBXFileReference section */

/* Begin PBXFrameworksBuildPhase section */
		E4B69B590A3A1756003C02F2 /* Frameworks */ = {
			isa = PBXFrameworksBuildPhase;
			buildActionMask = 2147483647;
			files = (
				"8076F250-2E75-407E-91E3-B3BA8FB079CF" /* CoreMIDI.framework in Frameworks */,
			);
			runOnlyForDeploymentPostprocessing = 0;
		};
/* End PBXFrameworksBuildPhase section */

/* Begin PBXGroup section */
		"08B8EFB9-69F0-4F90-ACF5-86728E6F66E8" /* src */ = {
			isa = PBXGroup;
			children = (
				"C2512545-CBEB-470F-B1E4-1591CD8DB7C6" /* ip */,
				"D72517BF-3AC1-412B-BA90-10803FAB3593" /* osc */,
			);
			path = src;
			sourceTree = "<group>";
		};
		"22479D5A-7AC3-49A3-ACEC-BBA28A262584" /* rtmidi */ = {
			isa = PBXGroup;
			children = (
				"ADCD3B04-E025-4A5B-A5EC-2AA1744C78A5" /* RtMidi.cpp */,
				"4FC8EC12-F37B-4FCA-92C2-5104DFDA4E3F" /* RtMidi.h */,
			);
			path = rtmidi;
			sourceTree = "<group>";
		};
		"30192150-AB1A-477F-85E7-9A2F0026337D" /* ofxMidi */ = {
			isa = PBXGroup;
			children = (
				"8EBB900B-A0CF-4DC1-9DCE-9D1ADEC7417B" /* libs */,
				"D9FAA900-609F-4E2E-8160-DF43F1978D8A" /* src */,
			);
			path = ofxMidi;
			sourceTree = "<group>";
		};
		"4178550A-B64F-44B1-8B45-288E8A18A6C9" /* Frameworks */ = {
			isa = PBXGroup;
			children = (
				"DCF6324D-D02B-4918-BFEC-19189C275433" /* CoreMIDI.framework */,
			);
			name = Frameworks;
			sourceTree = SOURCE_ROOT;
		};
		"438A8CDA-A4F4-471E-A6BD-52904466D913" /* posix */ = {
			isa = PBXGroup;
			children = (
				"977C15C0-6517-4626-88CF-4C030B0C0287" /* NetworkingUtils.cpp */,
				"349FAA25-D7BA-4A8A-BDF4-810C9223A2C9" /* UdpSocket.cpp */,
			);
			path = posix;
			sourceTree = "<group>";
		};
		"4EEEB34E-9D61-4600-A623-C20737B82B92" /* desktop */ = {
			isa = PBXGroup;
			children = (
				"50F97373-3F65-4160-80D5-39201CFFF0BC" /* ofxRtMidiIn.cpp */,
				"EEC782B2-7AFF-4E34-AC3B-CA6CEBF6BD2E" /* ofxRtMidiIn.h */,
				"A76DC311-1621-4E5A-8C3C-17850E5C8DA2" /* ofxRtMidiOut.cpp */,
				"649969F2-DE6F-45CB-A277-86F6705CF049" /* ofxRtMidiOut.h */,
			);
			path = desktop;
			sourceTree = "<group>";
		};
		"6214A29C-99F4-444D-9C10-6BACF25C7BC2" /* ofxOsc */ = {
			isa = PBXGroup;
			children = (
				"78C709CB-A675-4B18-9C2E-E1E019DB1FED" /* libs */,
				"A05561D3-A30D-4CF9-A461-BCF4CAF123A8" /* src */,
			);
			path = ofxOsc;
			sourceTree = "<group>";
		};
		"78C709CB-A675-4B18-9C2E-E1E019DB1FED" /* libs */ = {
			isa = PBXGroup;
			children = (
				"CC769044-9BA9-45A3-BD00-5BE287B0FF58" /* oscpack */,
			);
			path = libs;
			sourceTree = "<group>";
		};
		"7D5874D1-3F39-4167-A062-7433B06C90A8" /* ofxGui */ = {
			isa = PBXGroup;
			children = (
				"B5E716A1-744A-4436-8B8B-158CAB1D5970" /* src */,
			);
			path = ofxGui;
			sourceTree = "<group>";
		};
		"8EBB900B-A0CF-4DC1-9DCE-9D1ADEC7417B" /* libs */ = {
			isa = PBXGroup;
			children = (
				"22479D5A-7AC3-49A3-ACEC-BBA28A262584" /* rtmidi */,
			);
			path = libs;
			sourceTree = "<group>";
		};
		"A05561D3-A30D-4CF9-A461-BCF4CAF123A8" /* src */ = {
			isa = PBXGroup;
			children = (
				"50B24142-800B-4E86-8697-A8C44EECA5F9" /* ofxOsc.h */,
				"0938CFBD-F1E4-457C-8493-6716077E680B" /* ofxOscArg.h */,
				"48BADB01-D0E0-42B8-B45C-6FC818D8261F" /* ofxOscBundle.cpp */,
				"DCB3F505-FCCE-46D2-B9FA-7933AD75D803" /* ofxOscBundle.h */,
				"E0835BF8-E263-4153-B337-3FBE89F3638F" /* ofxOscMessage.cpp */,
				"DC582EE3-C7A4-45CC-B603-2475DAD4ADFD" /* ofxOscMessage.h */,
				"7C77D0CE-FE23-4D3D-BF69-6041CA95BD09" /* ofxOscParameterSync.cpp */,
				"3F1F520C-C61F-4F71-9D6A-E213292BFB07" /* ofxOscParameterSync.h */,
				"EB7492AD-A211-4F90-B888-239A63B7D082" /* ofxOscReceiver.cpp */,
				"896E9A1A-1D4E-4466-BC6D-5E708BE2A39A" /* ofxOscReceiver.h */,
				"6806D8BA-2394-45D3-9C1F-F8A5CF04E54B" /* ofxOscSender.cpp */,
				"00702E00-BCCF-47C5-B831-CFE98BC09653" /* ofxOscSender.h */,
			);
			path = src;
			sourceTree = "<group>";
		};
		"B5E716A1-744A-4436-8B8B-158CAB1D5970" /* src */ = {
			isa = PBXGroup;
			children = (
				"75004404-8581-4F8A-A0B4-703B078650ED" /* ofxBaseGui.cpp */,
				"9262F164-F3D3-42C1-9B51-7D0991AB48D5" /* ofxBaseGui.h */,
				"39C37E20-D8BE-4C12-A60C-0128CC84C78E" /* ofxButton.cpp */,
				"9C632E7C-A0B0-4EB6-9A92-C80B3BDCD254" /* ofxButton.h */,
				"67CD67F5-5978-4BAB-9BA2-CA0859E6F9CC" /* ofxColorPicker.cpp */,
				"7B09F994-E52A-46BA-8D10-2DF708D34EA2" /* ofxColorPicker.h */,
				"836762AA-381D-40E2-B901-77AA7F9ADE8A" /* ofxGui.h */,
				"0BDD5FC5-047A-405E-9F3D-0FB33694F786" /* ofxGuiGroup.cpp */,
				"452451F3-80E1-4B35-99BE-062DC6110B9A" /* ofxGuiGroup.h */,
				"74D2499F-DF58-420A-B49B-5BF9AA3AD2C5" /* ofxGuiUtils.h */,
				"88A99631-6FA8-4564-8EE1-643E5AFC07D4" /* ofxInputField.cpp */,
				"C70EE41D-18A5-43AA-BA24-BE4E1F8B85AC" /* ofxInputField.h */,
				"1F7A35CA-38AC-4AC2-9C18-CA228E370492" /* ofxLabel.cpp */,
				"5BFC9AEB-0381-452A-8209-0A009A4D4F20" /* ofxLabel.h */,
				"4734E34F-9CB3-4565-A7C1-0B6C46029F2A" /* ofxPanel.cpp */,
				"D49A8D25-0E15-40B9-93B4-DCBB77CFCA5F" /* ofxPanel.h */,
				"179FF548-710C-4CE8-A5F5-830BD4335282" /* ofxSlider.cpp */,
				"D756C9E8-C27D-4BB3-AAA9-DF7B50F642B3" /* ofxSlider.h */,
				"ED3DD7E5-9F71-4AA5-BCF7-E4737944709A" /* ofxSliderGroup.cpp */,
				"23BCFB66-CBB6-4B45-AA8C-A62A2B8EFF36" /* ofxSliderGroup.h */,
				"2768B489-0F74-4065-9533-638E0FB42054" /* ofxToggle.cpp */,
				"D2877F51-9A51-4074-B6BE-DAD9F4DC781C" /* ofxToggle.h */,
			);
			path = src;
			sourceTree = "<group>";
		};
		BB4B014C10F69532006C3DED /* addons */ = {
			isa = PBXGroup;
			children = (
				"7D5874D1-3F39-4167-A062-7433B06C90A8" /* ofxGui */,
				"30192150-AB1A-477F-85E7-9A2F0026337D" /* ofxMidi */,
				"6214A29C-99F4-444D-9C10-6BACF25C7BC2" /* ofxOsc */,
			);
			name = addons;
			path = ../../../addons;
			sourceTree = SOURCE_ROOT;
		};
		"C2512545-CBEB-470F-B1E4-1591CD8DB7C6" /* ip */ = {
			isa = PBXGroup;
			children = (
				"A998E1F8-F46B-4FE3-9C2C-9FDF9A3D6119" /* IpEndpointName.cpp */,
				"74F5A3BC-A971-4550-9461-DD4BB239C523" /* IpEndpointName.h */,
				"6FC0EC0E-CB4D-47E7-B535-11504F250468" /* NetworkingUtils.h */,
				"CB67A025-9B62-4AFE-9CA8-99AE0D536F0F" /* PacketListener.h */,
				"1375BDC3-B4FA-42B8-ACE6-458AA43C8D44" /* TimerListener.h */,
				"CD861472-57CC-4941-AC03-3FB92924E2AB" /* UdpSocket.h */,
				"438A8CDA-A4F4-471E-A6BD-52904466D913" /* posix */,
			);
			path = ip;
			sourceTree = "<group>";
		};
		"CC769044-9BA9-45A3-BD00-5BE287B0FF58" /* oscpack */ = {
			isa = PBXGroup;
			children = (
				"08B8EFB9-69F0-4F90-ACF5-86728E6F66E8" /* src */,
			);
			path = oscpack;
			sourceTree = "<group>";
		};
		"D72517BF-3AC1-412B-BA90-10803FAB3593" /* osc */ = {
			isa = PBXGroup;
			children = (
				"1DE8E8C7-E48E-4738-B3DE-03D5F30FC65D" /* MessageMappingOscPacketListener.h */,
				"58C6D87A-1C37-43A6-9E47-23C6BDB98B8B" /* OscException.h */,
				"FA25B901-E337-4AC1-A6CA-59C0287FA89C" /* OscHostEndianness.h */,
				"1BE341A4-CED9-4FB9-9299-1813955E3CA5" /* OscOutboundPacketStream.cpp */,
				"834EF500-81C5-4D10-88D4-CCB25A40B91E" /* OscOutboundPacketStream.h */,
				"DD1CE53A-D4CC-4603-A805-6352F7C7B827" /* OscPacketListener.h */,
				"D0D7832E-194F-4D1B-85E5-0EC6AE3DD5B6" /* OscPrintReceivedElements.cpp */,
				"01FDE00D-E75C-49EA-9412-D218EBF3D1F4" /* OscPrintReceivedElements.h */,
				"C4729B19-467E-4C7D-A2B6-27FEED415411" /* OscReceivedElements.cpp */,
				"8BB41F45-9BFD-4A0B-A33C-6C5847D25714" /* OscReceivedElements.h */,
				"5E8ECFC5-0804-47D4-B581-64DD2DB17AC6" /* OscTypes.cpp */,
				"DFBBFB49-8FA3-4506-9C3F-276004CBCAAE" /* OscTypes.h */,
			);
			path = osc;
			sourceTree = "<group>";
		};
		"D9FAA900-609F-4E2E-8160-DF43F1978D8A" /* src */ = {
			isa = PBXGroup;
			children = (
				"4EEEB34E-9D61-4600-A623-C20737B82B92" /* desktop */,
				"9325F599-100D-484D-AB27-2A56D4C4BF7C" /* ofxBaseMidi.cpp */,
				"9F8A5D48-3803-4040-82BE-2521BA1F6E68" /* ofxBaseMidi.h */,
				"860EBBCC-3499-4EE4-8BD5-166494ADC9F8" /* ofxMidi.cpp */,
				"28ECB74D-070C-4933-B41A-EA5F7DC2B06F" /* ofxMidi.h */,
				"636A9632-E922-412B-A9E3-7A51CB5EBAAB" /* ofxMidiClock.cpp */,
				"26BC4530-4C3F-49CE-BCCA-4F01FA63FF00" /* ofxMidiClock.h */,
				"15757278-1678-4703-AF32-72B2B7CC04C6" /* ofxMidiConstants.h */,
				"D69F50EC-FB30-4C53-B940-68099A403B55" /* ofxMidiIn.cpp */,
				"A21A2507-5395-4ABE-AD7F-EFCF8E020D9E" /* ofxMidiIn.h */,
				"63F07199-5493-450E-B060-86D0AE55C4E8" /* ofxMidiMessage.cpp */,
				"F80BB464-7541-4204-B884-D88C3D6732B0" /* ofxMidiMessage.h */,
				"27FA6CD1-4C37-46A8-B3FA-7174CC3B8ACD" /* ofxMidiOut.cpp */,
				"EBCC1C14-2862-4D0A-AFB1-FE93741AFF74" /* ofxMidiOut.h */,
				"5BCFE83B-CB2B-45D1-B876-4B2CCD163B47" /* ofxMidiTimecode.cpp */,
				"05FE2042-F27F-4F4D-9705-798EDCA10909" /* ofxMidiTimecode.h */,
				"C6AC174A-5CB2-41F8-9F3B-EEE325875105" /* ofxMidiTypes.h */,
			);
			path = src;
			sourceTree = "<group>";
		};
		E4B69B4A0A3A1720003C02F2 = {
			isa = PBXGroup;
			children = (
				191CD6FA2847E21E0085CBB6 /* of.entitlements */,
				E4B6FCAD0C3E899E008CF71C /* openFrameworks-Info.plist */,
				E4EB6923138AFD0F00A09F29 /* Project.xcconfig */,
				E4B69E1C0A3A1BDC003C02F2 /* src */,
				191EF70929D778A400F35F26 /* openFrameworks */,
				BB4B014C10F69532006C3DED /* addons */,
				E4B69B5B0A3A1756003C02F2 /* Imagen-y-Sonido---EnsayosDebug.app */,
				"4178550A-B64F-44B1-8B45-288E8A18A6C9" /* Frameworks */,
				"E56F06F0-82CF-4972-9995-5FDC719A0FA4" /* data */,
			);
			sourceTree = "<group>";
		};
		E4B69E1C0A3A1BDC003C02F2 /* src */ = {
			isa = PBXGroup;
			children = (
				E4B69E1D0A3A1BDC003C02F2 /* main.cpp */,
				008E66702EEA7A2F00B86C47 /* ofApp.h */,
				E4B69E1E0A3A1BDC003C02F2 /* ofApp.cpp */,
			);
			path = src;
			sourceTree = SOURCE_ROOT;
		};
/* End PBXGroup section */

/* Begin PBXNativeTarget section */
		E4B69B5A0A3A1756003C02F2 /* Imagen-y-Sonido---Ensayos */ = {
			isa = PBXNativeTarget;
			buildConfigurationList = E4B69B5F0A3A1757003C02F2 /* Build configuration list for PBXNativeTarget "Imagen-y-Sonido---Ensayos" */;
			buildPhases = (
				E42962A92163ECCD00A6A9E2 /* Run Script — Compile OF */,
				E4B69B580A3A1756003C02F2 /* Sources */,
				E4B69B590A3A1756003C02F2 /* Frameworks */,
				E4C2427710CC5ABF004149E2 /* CopyFiles */,
				E4A5B60F29BAAAE400C2D356 /* CopyFiles */,
				19B789C429E5AB4A0082E9B8 /* ShellScript */,
			);
			buildRules = (
			);
			dependencies = (
			);
			name = "Imagen-y-Sonido---Ensayos";
			productName = myOFApp;
			productReference = E4B69B5B0A3A1756003C02F2 /* Imagen-y-Sonido---EnsayosDebug.app */;
			productType = "com.apple.product-type.application";
		};
/* End PBXNativeTarget section */

/* Begin PBXProject section */
		E4B69B4C0A3A1720003C02F2 /* Project object */ = {
			isa = PBXProject;
			attributes = {
				BuildIndependentTargetsInParallel = YES;
				LastUpgradeCheck = 1540;
			};
			buildConfigurationList = E4B69B4D0A3A1720003C02F2 /* Build configuration list for PBXProject "Imagen-y-Sonido---Ensayos" */;
			compatibilityVersion = "Xcode 3.2";
			developmentRegion = en;
			hasScannedForEncodings = 0;
			knownRegions = (
				en,
				Base,
			);
			mainGroup = E4B69B4A0A3A1720003C02F2;
			productRefGroup = E4B69B4A0A3A1720003C02F2;
			projectDirPath = "";
			projectRoot = "";
			targets = (
				E4B69B5A0A3A1756003C02F2 /* Imagen-y-Sonido---Ensayos */,
			);
		};
/* End PBXProject section */

/* Begin PBXShellScriptBuildPhase section */
		19B789C429E5AB4A0082E9B8 /* ShellScript */ = {
			isa = PBXShellScriptBuildPhase;
			alwaysOutOfDate = 1;
			buildActionMask = 2147483647;
			files = (
			);
			inputFileListPaths = (
			);
			inputPaths = (
			);
			outputFileListPaths = (
			);
			outputPaths = (
			);
			runOnlyForDeploymentPostprocessing = 0;
			shellPath = /bin/sh;
			shellScript = "\"$OF_PATH/scripts/osx/xcode_project.sh\"\n";
			showEnvVarsInLog = 0;
		};
		E42962A92163ECCD00A6A9E2 /* Run Script — Compile OF */ = {
			isa = PBXShellScriptBuildPhase;
			alwaysOutOfDate = 1;
			buildActionMask = 2147483647;
			files = (
			);
			inputPaths = (
			);
			name = "Run Script — Compile OF";
			outputPaths = (
			);
			runOnlyForDeploymentPostprocessing = 0;
			shellPath = /bin/sh;
			shellScript = "$OF_CORE_BUILD_COMMAND\n";
			showEnvVarsInLog = 0;
		};
/* End PBXShellScriptBuildPhase section */

/* Begin PBXSourcesBuildPhase section */
		E4B69B580A3A1756003C02F2 /* Sources */ = {
			isa = PBXSourcesBuildPhase;
			buildActionMask = 2147483647;
			files = (
				E4B69E200A3A1BDC003C02F2 /* main.cpp in Sources */,
				E4B69E210A3A1BDC003C02F2 /* ofApp.cpp in Sources */,
				"215FCEB7-B4FB-4197-919C-800643FED634" /* ofxBaseGui.cpp in Sources */,
				"57CFADDB-A186-4DE6-920E-913DF27B608E" /* ofxButton.cpp in Sources */,
				"77C8F5E2-53AD-4FE8-B6E9-B169DFF9210C" /* ofxColorPicker.cpp in Sources */,
				"D4CAFDB7-EB7A-4967-B4F3-356499111FCC" /* ofxGuiGroup.cpp in Sources */,
				"23AB9820-DD75-44F7-8E64-0B72C454FE0F" /* ofxInputField.cpp in Sources */,
				"C0754932-5D82-4C48-9D5D-455DB2C1DEC0" /* ofxLabel.cpp in Sources */,
				"F974A477-E083-44D0-A8F5-B57A55CCD657" /* ofxPanel.cpp in Sources */,
				"32BD484B-5575-4F8E-8511-E82EF2DD087E" /* ofxSlider.cpp in Sources */,
				"EA6C6E18-15CD-4FD5-BF75-7A22E2070368" /* ofxSliderGroup.cpp in Sources */,
				"B598C0F2-5486-4A27-8C33-84D4F0F1B519" /* ofxToggle.cpp in Sources */,
				"29DF6F6E-4E36-4DD1-B650-E4BDED3781E1" /* RtMidi.cpp in Sources */,
				"64FE3B8A-2AAF-4A46-AFAE-F552E0ECE173" /* ofxRtMidiIn.cpp in Sources */,
				"84BDBAF4-5E49-4AC7-B4D2-50510D5CF8CF" /* ofxRtMidiOut.cpp in Sources */,
				"7061584A-3802-4657-BB7C-FC865A07C033" /* ofxBaseMidi.cpp in Sources */,
				"6847EBF5-4931-4AAE-91EB-8DCEB752C780" /* ofxMidi.cpp in Sources */,
				"3DB5D16F-88E2-41CF-9226-017F81BFFFCB" /* ofxMidiClock.cpp in Sources */,
				"897089A4-FB90-4782-BC3D-D5CCB8D37D5D" /* ofxMidiIn.cpp in Sources */,
				"D8E4198D-DE91-4AD3-ABD2-FCFB45418A94" /* ofxMidiMessage.cpp in Sources */,
				"C9692586-3A3D-4A02-AEE3-1D4E3B4DB0FD" /* ofxMidiOut.cpp in Sources */,
				"B229C17D-9C70-452D-B151-CE91DAA2FBD5" /* ofxMidiTimecode.cpp in Sources */,
				"95A50311-1805-4C88-A262-B2392469C347" /* IpEndpointName.cpp in Sources */,
				"0C68C024-C136-4BA6-A24E-7E67FDEBE522" /* NetworkingUtils.cpp in Sources */,
				"F3187947-13F0-4858-BC1D-201E3B34DDC7" /* UdpSocket.cpp in Sources */,
				"B3EA0F48-D9EA-4B9F-B98B-3AB92FFC2047" /* OscOutboundPacketStream.cpp in Sources */,
				"4167C456-23C4-48C1-A93E-D908EB1F22F0" /* OscPrintReceivedElements.cpp in Sources */,
				"1E749AD4-EA18-4AFD-BAC9-0F75AF87BE74" /* OscReceivedElements.cpp in Sources */,
				"2E1050B7-8C51-4525-8FF1-51D83D96F7BD" /* OscTypes.cpp in Sources */,
				"11FDF117-6832-44CE-828F-3B2D36492444" /* ofxOscBundle.cpp in Sources */,
				"2E4C852E-9661-4CD7-A77C-AD6A493D147C" /* ofxOscMessage.cpp in Sources */,
				"53DAE969-A34C-4290-995C-05518A2C43DB" /* ofxOscParameterSync.cpp in Sources */,
				"2B57127F-3035-4667-99ED-5AA81C166F66" /* ofxOscReceiver.cpp in Sources */,
				"312AE3FD-CC7F-4592-855A-0E8C52CF08CE" /* ofxOscSender.cpp in Sources */,
			);
			runOnlyForDeploymentPostprocessing = 0;
		};
/* End PBXSourcesBuildPhase section */

/* Begin XCBuildConfiguration section */
		E4B69B4E0A3A1720003C02F2 /* Debug */ = {
			isa = XCBuildConfiguration;
			baseConfigurationReference = E4EB6923138AFD0F00A09F29 /* Project.xcconfig */;
			buildSettings = {
				CODE_SIGN_ENTITLEMENTS = of.entitlements;
				COPY_PHASE_STRIP = NO;
				ENABLE_TESTABILITY = YES;
				GCC_OPTIMIZATION_LEVEL = 0;
				GCC_WARN_UNUSED_VARIABLE = NO;
				HEADER_SEARCH_PATHS = (
					"$(OF_CORE_HEADERS)",
					src,
				);
				OTHER_CPLUSPLUSFLAGS = "-D__MACOSX_CORE__";
			};
			name = Debug;
		};
		E4B69B4F0A3A1720003C02F2 /* Release */ = {
			isa = XCBuildConfiguration;
			baseConfigurationReference = E4EB6923138AFD0F00A09F29 /* Project.xcconfig */;
			buildSettings = {
				CODE_SIGN_ENTITLEMENTS = of.entitlements;
				COPY_PHASE_STRIP = YES;
				GCC_OPTIMIZATION_LEVEL = 3;
				GCC_UNROLL_LOOPS = YES;
				HEADER_SEARCH_PATHS = (
					"$(OF_CORE_HEADERS)",
					src,
				);
				OTHER_CPLUSPLUSFLAGS = "-D__MACOSX_CORE__";
			};
			name = Release;
		};
		E4B69B600A3A1757003C02F2 /* Debug */ = {
			isa = XCBuildConfiguration;
			baseConfigurationReference = E4EB6923138AFD0F00A09F29 /* Project.xcconfig */;
			buildSettings = {
				ARCHS = "$(ARCHS_STANDARD)";
				COPY_PHASE_STRIP = NO;
				FRAMEWORK_SEARCH_PATHS = "$(inherited)";
				GCC_DYNAMIC_NO_PIC = NO;
				HEADER_SEARCH_PATHS = (
					"$(OF_CORE_HEADERS)",
					src,
					src,
					../../../addons/ofxGui/src,
					../../../addons/ofxMidi/libs,
					../../../addons/ofxMidi/libs/pgmidi,
					../../../addons/ofxMidi/libs/rtmidi,
					../../../addons/ofxMidi/src,
					../../../addons/ofxMidi/src/desktop,
					../../../addons/ofxMidi/src/ios,
					../../../addons/ofxOsc/libs,
					../../../addons/ofxOsc/libs/oscpack,
					../../../addons/ofxOsc/libs/oscpack/src,
					../../../addons/ofxOsc/libs/oscpack/src/ip,
					../../../addons/ofxOsc/libs/oscpack/src/ip/posix,
					../../../addons/ofxOsc/libs/oscpack/src/osc,
					../../../addons/ofxOsc/src,
				);
				LIBRARY_SEARCH_PATHS = "$(inherited)";
				OTHER_LDFLAGS = (
					"$(OF_CORE_LIBS)",
					"$(OF_CORE_FRAMEWORKS)",
					"$(LIB_OF_DEBUG)",
				);
			};
			name = Debug;
		};
		E4B69B610A3A1757003C02F2 /* Release */ = {
			isa = XCBuildConfiguration;
			baseConfigurationReference = E4EB6923138AFD0F00A09F29 /* Project.xcconfig */;
			buildSettings = {
				ARCHS = "$(ARCHS_STANDARD)";
				COPY_PHASE_STRIP = YES;
				FRAMEWORK_SEARCH_PATHS = "$(inherited)";
				HEADER_SEARCH_PATHS = (
					"$(OF_CORE_HEADERS)",
					src,
					src,
					../../../addons/ofxGui/src,
					../../../addons/ofxMidi/libs,
					../../../addons/ofxMidi/libs/pgmidi,
					../../../addons/ofxMidi/libs/rtmidi,
					../../../addons/ofxMidi/src,
					../../../addons/ofxMidi/src/desktop,
					../../../addons/ofxMidi/src/ios,
					../../../addons/ofxOsc/libs,
					../../../addons/ofxOsc/libs/oscpack,
					../../../addons/ofxOsc/libs/oscpack/src,
					../../../addons/ofxOsc/libs/oscpack/src/ip,
					../../../addons/ofxOsc/libs/oscpack/src/ip/posix,
					../../../addons/ofxOsc/libs/oscpack/src/osc,
					../../../addons/ofxOsc/src,
				);
				LIBRARY_SEARCH_PATHS = "$(inherited)";
				OTHER_LDFLAGS = (
					"$(OF_CORE_LIBS)",
					"$(OF_CORE_FRAMEWORKS)",
					"$(LIB_OF_RELEASE)",
				);
				baseConfigurationReference = E4EB6923138AFD0F00A09F29;
			};
			name = Release;
		};
/* End XCBuildConfiguration section */

/* Begin XCConfigurationList section */
		E4B69B4D0A3A1720003C02F2 /* Build configuration list for PBXProject "Imagen-y-Sonido---Ensayos" */ = {
			isa = XCConfigurationList;
			buildConfigurations = (
				E4B69B4E0A3A1720003C02F2 /* Debug */,
				E4B69B4F0A3A1720003C02F2 /* Release */,
			);
			defaultConfigurationIsVisible = 0;
			defaultConfigurationName = Release;
		};
		E4B69B5F0A3A1757003C02F2 /* Build configuration list for PBXNativeTarget "Imagen-y-Sonido---Ensayos" */ = {
			isa = XCConfigurationList;
			buildConfigurations = (
				E4B69B600A3A1757003C02F2 /* Debug */,
				E4B69B610A3A1757003C02F2 /* Release */,
			);
			defaultConfigurationIsVisible = 0;
			defaultConfigurationName = Release;
		};
/* End XCConfigurationList section */
	};
	rootObject = E4B69B4C0A3A1720003C02F2 /* Project object */;
}
